
Microsoft Visual Studio Solution File, Format Version 12.00
# Visual Studio Version 17
VisualStudioVersion = 17.0.31903.59
MinimumVisualStudioVersion = 10.0.40219.1
Project("{FAE04EC0-301F-11D3-BF4B-00C04F79EFBC}") = "MauiMds", "MauiMds\MauiMds.csproj", "{2D653FA2-D68E-4C5D-A258-0FBFDFBBDA25}"
EndProject
Project("{FAE04EC0-301F-11D3-BF4B-00C04F79EFBC}") = "MauiMds.Core", "MauiMds.Core\MauiMds.Core.csproj", "{FB9DFE95-B7A7-4700-8F80-8D1D5D83B548}"
EndProject
Project("{FAE04EC0-301F-11D3-BF4B-00C04F79EFBC}") = "MauiMds.Tests", "MauiMds.Tests\MauiMds.Tests.csproj", "{F5499E80-E75D-4B8D-AAE3-0A51F069BE9F}"
EndProject
Project("{FAE04EC0-301F-11D3-BF4B-00C04F79EFBC}") = "MauiMds.Pdf", "MauiMds.Pdf\MauiMds.Pdf.csproj", "{A1B2C3D4-E5F6-7890-ABCD-EF1234567890}"
EndProject
Project("{FAE04EC0-301F-11D3-BF4B-00C04F79EFBC}") = "MauiMds.Pdf.Tests", "MauiMds.Pdf.Tests\MauiMds.Pdf.Tests.csproj", "{B2C3D4E5-F6A7-8901-BCDE-F12345678901}"
EndProject
Project("{FAE04EC0-301F-11D3-BF4B-00C04F79EFBC}") = "MauiMds.Core.Tests", "MauiMds.Core.Tests\MauiMds.Core.Tests.csproj", "{3C5399E5-D50A-4170-94D4-3CA8B208D017}"
EndProject
Global
	GlobalSection(SolutionConfigurationPlatforms) = preSolution
		Debug|Any CPU = Debug|Any CPU
		Debug|x64 = Debug|x64
		Debug|x86 = Debug|x86
		Release|Any CPU = Release|Any CPU
		Release|x64 = Release|x64
		Release|x86 = Release|x86
	EndGlobalSection
	GlobalSection(ProjectConfigurationPlatforms) = postSolution
		{2D653FA2-D68E-4C5D-A258-0FBFDFBBDA25}.Debug|Any CPU.ActiveCfg = Debug|Any CPU
		{2D653FA2-D68E-4C5D-A258-0FBFDFBBDA25}.Debug|Any CPU.Build.0 = Debug|Any CPU
		{2D653FA2-D68E-4C5D-A258-0FBFDFBBDA25}.Debug|x64.ActiveCfg = Debug|Any CPU
		{2D653FA2-D68E-4C5D-A258-0FBFDFBBDA25}.Debug|x64.Build.0 = Debug|Any CPU
		{2D653FA2-D68E-4C5D-A258-0FBFDFBBDA25}.Debug|x86.ActiveCfg = Debug|Any CPU
		{2D653FA2-D68E-4C5D-A258-0FBFDFBBDA25}.Debug|x86.Build.0 = Debug|Any CPU
		{2D653FA2-D68E-4C5D-A258-0FBFDFBBDA25}.Release|Any CPU.ActiveCfg = Release|Any CPU
		{2D653FA2-D68E-4C5D-A258-0FBFDFBBDA25}.Release|Any CPU.Build.0 = Release|Any CPU
		{2D653FA2-D68E-4C5D-A258-0FBFDFBBDA25}.Release|x64.ActiveCfg = Release|Any CPU
		{2D653FA2-D68E-4C5D-A258-0FBFDFBBDA25}.Release|x64.Build.0 = Release|Any CPU
		{2D653FA2-D68E-4C5D-A258-0FBFDFBBDA25}.Release|x86.ActiveCfg = Release|Any CPU
		{2D653FA2-D68E-4C5D-A258-0FBFDFBBDA25}.Release|x86.Build.0 = Release|Any CPU
		{FB9DFE95-B7A7-4700-8F80-8D1D5D83B548}.Debug|Any CPU.ActiveCfg = Debug|Any CPU
		{FB9DFE95-B7A7-4700-8F80-8D1D5D83B548}.Debug|Any CPU.Build.0 = Debug|Any CPU
		{FB9DFE95-B7A7-4700-8F80-8D1D5D83B548}.Debug|x64.ActiveCfg = Debug|Any CPU
		{FB9DFE95-B7A7-4700-8F80-8D1D5D83B548}.Debug|x64.Build.0 = Debug|Any CPU
		{FB9DFE95-B7A7-4700-8F80-8D1D5D83B548}.Debug|x86.ActiveCfg = Debug|Any CPU
		{FB9DFE95-B7A7-4700-8F80-8D1D5D83B548}.Debug|x86.Build.0 = Debug|Any CPU
		{FB9DFE95-B7A7-4700-8F80-8D1D5D83B548}.Release|Any CPU.ActiveCfg = Release|Any CPU
		{FB9DFE95-B7A7-4700-8F80-8D1D5D83B548}.Release|Any CPU.Build.0 = Release|Any CPU
		{FB9DFE95-B7A7-4700-8F80-8D1D5D83B548}.Release|x64.ActiveCfg = Release|Any CPU
		{FB9DFE95-B7A7-4700-8F80-8D1D5D83B548}.Release|x64.Build.0 = Release|Any CPU
		{FB9DFE95-B7A7-4700-8F80-8D1D5D83B548}.Release|x86.ActiveCfg = Release|Any CPU
		{FB9DFE95-B7A7-4700-8F80-8D1D5D83B548}.Release|x86.Build.0 = Release|Any CPU
		{F5499E80-E75D-4B8D-AAE3-0A51F069BE9F}.Debug|Any CPU.ActiveCfg = Debug|Any CPU
		{F5499E80-E75D-4B8D-AAE3-0A51F069BE9F}.Debug|Any CPU.Build.0 = Debug|Any CPU
		{F5499E80-E75D-4B8D-AAE3-0A51F069BE9F}.Debug|x64.ActiveCfg = Debug|Any CPU
		{F5499E80-E75D-4B8D-AAE3-0A51F069BE9F}.Debug|x64.Build.0 = Debug|Any CPU
		{F5499E80-E75D-4B8D-AAE3-0A51F069BE9F}.Debug|x86.ActiveCfg = Debug|Any CPU
		{F5499E80-E75D-4B8D-AAE3-0A51F069BE9F}.Debug|x86.Build.0 = Debug|Any CPU
		{F5499E80-E75D-4B8D-AAE3-0A51F069BE9F}.Release|Any CPU.ActiveCfg = Release|Any CPU
		{F5499E80-E75D-4B8D-AAE3-0A51F069BE9F}.Release|Any CPU.Build.0 = Release|Any CPU
		{F5499E80-E75D-4B8D-AAE3-0A51F069BE9F}.Release|x64.ActiveCfg = Release|Any CPU
		{F5499E80-E75D-4B8D-AAE3-0A51F069BE9F}.Release|x64.Build.0 = Release|Any CPU
		{F5499E80-E75D-4B8D-AAE3-0A51F069BE9F}.Release|x86.ActiveCfg = Release|Any CPU
		{F5499E80-E75D-4B8D-AAE3-0A51F069BE9F}.Release|x86.Build.0 = Release|Any CPU
		{A1B2C3D4-E5F6-7890-ABCD-EF1234567890}.Debug|Any CPU.ActiveCfg = Debug|Any CPU
		{A1B2C3D4-E5F6-7890-ABCD-EF1234567890}.Debug|Any CPU.Build.0 = Debug|Any CPU
		{A1B2C3D4-E5F6-7890-ABCD-EF1234567890}.Debug|x64.ActiveCfg = Debug|Any CPU
		{A1B2C3D4-E5F6-7890-ABCD-EF1234567890}.Debug|x64.Build.0 = Debug|Any CPU
		{A1B2C3D4-E5F6-7890-ABCD-EF1234567890}.Debug|x86.ActiveCfg = Debug|Any CPU
		{A1B2C3D4-E5F6-7890-ABCD-EF1234567890}.Debug|x86.Build.0 = Debug|Any CPU
		{A1B2C3D4-E5F6-7890-ABCD-EF1234567890}.Release|Any CPU.ActiveCfg = Release|Any CPU
		{A1B2C3D4-E5F6-7890-ABCD-EF1234567890}.Release|Any CPU.Build.0 = Release|Any CPU
		{A1B2C3D4-E5F6-7890-ABCD-EF1234567890}.Release|x64.ActiveCfg = Release|Any CPU
		{A1B2C3D4-E5F6-7890-ABCD-EF1234567890}.Release|x64.Build.0 = Release|Any CPU
		{A1B2C3D4-E5F6-7890-ABCD-EF1234567890}.Release|x86.ActiveCfg = Release|Any CPU
		{A1B2C3D4-E5F6-7890-ABCD-EF1234567890}.Release|x86.Build.0 = Release|Any CPU
		{B2C3D4E5-F6A7-8901-BCDE-F12345678901}.Debug|Any CPU.ActiveCfg = Debug|Any CPU
		{B2C3D4E5-F6A7-8901-BCDE-F12345678901}.Debug|Any CPU.Build.0 = Debug|Any CPU
		{B2C3D4E5-F6A7-8901-BCDE-F12345678901}.Debug|x64.ActiveCfg = Debug|Any CPU
		{B2C3D4E5-F6A7-8901-BCDE-F12345678901}.Debug|x64.Build.0 = Debug|Any CPU
		{B2C3D4E5-F6A7-8901-BCDE-F12345678901}.Debug|x86.ActiveCfg = Debug|Any CPU
		{B2C3D4E5-F6A7-8901-BCDE-F12345678901}.Debug|x86.Build.0 = Debug|Any CPU
		{B2C3D4E5-F6A7-8901-BCDE-F12345678901}.Release|Any CPU.ActiveCfg = Release|Any CPU
		{B2C3D4E5-F6A7-8901-BCDE-F12345678901}.Release|Any CPU.Build.0 = Release|Any CPU
		{B2C3D4E5-F6A7-8901-BCDE-F12345678901}.Release|x64.ActiveCfg = Release|Any CPU
		{B2C3D4E5-F6A7-8901-BCDE-F12345678901}.Release|x64.Build.0 = Release|Any CPU
		{B2C3D4E5-F6A7-8901-BCDE-F12345678901}.Release|x86.ActiveCfg = Release|Any CPU
		{B2C3D4E5-F6A7-8901-BCDE-F12345678901}.Release|x86.Build.0 = Release|Any CPU
		{3C5399E5-D50A-4170-94D4-3CA8B208D017}.Debug|Any CPU.ActiveCfg = Debug|Any CPU
		{3C5399E5-D50A-4170-94D4-3CA8B208D017}.Debug|Any CPU.Build.0 = Debug|Any CPU
		{3C5399E5-D50A-4170-94D4-3CA8B208D017}.Debug|x64.ActiveCfg = Debug|Any CPU
		{3C5399E5-D50A-4170-94D4-3CA8B208D017}.Debug|x64.Build.0 = Debug|Any CPU
		{3C5399E5-D50A-4170-94D4-3CA8B208D017}.Debug|x86.ActiveCfg = Debug|Any CPU
		{3C5399E5-D50A-4170-94D4-3CA8B208D017}.Debug|x86.Build.0 = Debug|Any CPU
		{3C5399E5-D50A-4170-94D4-3CA8B208D017}.Release|Any CPU.ActiveCfg = Release|Any CPU
		{3C5399E5-D50A-4170-94D4-3CA8B208D017}.Release|Any CPU.Build.0 = Release|Any CPU
		{3C5399E5-D50A-4170-94D4-3CA8B208D017}.Release|x64.ActiveCfg = Release|Any CPU
		{3C5399E5-D50A-4170-94D4-3CA8B208D017}.Release|x64.Build.0 = Release|Any CPU
		{3C5399E5-D50A-4170-94D4-3CA8B208D017}.Release|x86.ActiveCfg = Release|Any CPU
		{3C5399E5-D50A-4170-94D4-3CA8B208D017}.Release|x86.Build.0 = Release|Any CPU
	EndGlobalSection
	GlobalSection(SolutionProperties) = preSolution
		HideSolutionNode = FALSE
	EndGlobalSection
EndGlobal
